// !$*UTF8*$!
{
	archiveVersion = 1;
	classes = {
	};
	objectVersion = 56;
	objects = {

/* Begin PBXBuildFile section */
		FFEC463F2BB189E100462690 /* AppDelegate.swift in Sources */ = {isa = PBXBuildFile; fileRef = FFEC463E2BB189E100462690 /* AppDelegate.swift */; };
		FFEC46412BB189E100462690 /* SceneDelegate.swift in Sources */ = {isa = PBXBuildFile; fileRef = FFEC46402BB189E100462690 /* SceneDelegate.swift */; };
		FFEC46432BB189E100462690 /* ViewController.swift in Sources */ = {isa = PBXBuildFile; fileRef = FFEC46422BB189E100462690 /* ViewController.swift */; };
		FFEC46462BB189E100462690 /* Main.storyboard in Resources */ = {isa = PBXBuildFile; fileRef = FFEC46442BB189E100462690 /* Main.storyboard */; };
		FFEC46482BB189E200462690 /* Assets.xcassets in Resources */ = {isa = PBXBuildFile; fileRef = FFEC46472BB189E200462690 /* Assets.xcassets */; };
		FFEC464B2BB189E200462690 /* LaunchScreen.storyboard in Resources */ = {isa = PBXBuildFile; fileRef = FFEC46492BB189E200462690 /* LaunchScreen.storyboard */; };
		FFEC46562BB189E200462690 /* MVVMSampleTests.swift in Sources */ = {isa = PBXBuildFile; fileRef = FFEC46552BB189E200462690 /* MVVMSampleTests.swift */; };
		FFEC46602BB189E200462690 /* MVVMSampleUITests.swift in Sources */ = {isa = PBXBuildFile; fileRef = FFEC465F2BB189E200462690 /* MVVMSampleUITests.swift */; };
		FFEC46622BB189E200462690 /* MVVMSampleUITestsLaunchTests.swift in Sources */ = {isa = PBXBuildFile; fileRef = FFEC46612BB189E200462690 /* MVVMSampleUITestsLaunchTests.swift */; };
		FFEC466F2BB18A7A00462690 /* ViewModel.swift in Sources */ = {isa = PBXBuildFile; fileRef = FFEC466E2BB18A7A00462690 /* ViewModel.swift */; };
		FFEC46712BB1933900462690 /* Model.swift in Sources */ = {isa = PBXBuildFile; fileRef = FFEC46702BB1933900462690 /* Model.swift */; };
		FFEC46732BB1985C00462690 /* Utility.swift in Sources */ = {isa = PBXBuildFile; fileRef = FFEC46722BB1985C00462690 /* Utility.swift */; };
/* End PBXBuildFile section */

/* Begin PBXContainerItemProxy section */
		FFEC46522BB189E200462690 /* PBXContainerItemProxy */ = {
			isa = PBXContainerItemProxy;
			containerPortal = FFEC46332BB189E100462690 /* Project object */;
			proxyType = 1;
			remoteGlobalIDString = FFEC463A2BB189E100462690;
			remoteInfo = MVVMSample;
		};
		FFEC465C2BB189E200462690 /* PBXContainerItemProxy */ = {
			isa = PBXContainerItemProxy;
			containerPortal = FFEC46332BB189E100462690 /* Project object */;
			proxyType = 1;
			remoteGlobalIDString = FFEC463A2BB189E100462690;
			remoteInfo = MVVMSample;
		};
/* End PBXContainerItemProxy section */

/* Begin PBXFileReference section */
		FFEC463B2BB189E100462690 /* MVVMSample.app */ = {isa = PBXFileReference; explicitFileType = wrapper.application; includeInIndex = 0; path = MVVMSample.app; sourceTree = BUILT_PRODUCTS_DIR; };
		FFEC463E2BB189E100462690 /* AppDelegate.swift */ = {isa = PBXFileReference; lastKnownFileType = sourcecode.swift; path = AppDelegate.swift; sourceTree = "<group>"; };
		FFEC46402BB189E100462690 /* SceneDelegate.swift */ = {isa = PBXFileReference; lastKnownFileType = sourcecode.swift; path = SceneDelegate.swift; sourceTree = "<group>"; };
		FFEC46422BB189E100462690 /* ViewController.swift */ = {isa = PBXFileReference; lastKnownFileType = sourcecode.swift; path = ViewController.swift; sourceTree = "<group>"; };
		FFEC46452BB189E100462690 /* Base */ = {isa = PBXFileReference; lastKnownFileType = file.storyboard; name = Base; path = Base.lproj/Main.storyboard; sourceTree = "<group>"; };
		FFEC46472BB189E200462690 /* Assets.xcassets */ = {isa = PBXFileReference; lastKnownFileType = folder.assetcatalog; path = Assets.xcassets; sourceTree = "<group>"; };
		FFEC464A2BB189E200462690 /* Base */ = {isa = PBXFileReference; lastKnownFileType = file.storyboard; name = Base; path = Base.lproj/LaunchScreen.storyboard; sourceTree = "<group>"; };
		FFEC464C2BB189E200462690 /* Info.plist */ = {isa = PBXFileReference; lastKnownFileType = text.plist.xml; path = Info.plist; sourceTree = "<group>"; };
		FFEC46512BB189E200462690 /* MVVMSampleTests.xctest */ = {isa = PBXFileReference; explicitFileType = wrapper.cfbundle; includeInIndex = 0; path = MVVMSampleTests.xctest; sourceTree = BUILT_PRODUCTS_DIR; };
		FFEC46552BB189E200462690 /* MVVMSampleTests.swift */ = {isa = PBXFileReference; lastKnownFileType = sourcecode.swift; path = MVVMSampleTests.swift; sourceTree = "<group>"; };
		FFEC465B2BB189E200462690 /* MVVMSampleUITests.xctest */ = {isa = PBXFileReference; explicitFileType = wrapper.cfbundle; includeInIndex = 0; path = MVVMSampleUITests.xctest; sourceTree = BUILT_PRODUCTS_DIR; };
		FFEC465F2BB189E200462690 /* MVVMSampleUITests.swift */ = {isa = PBXFileReference; lastKnownFileType = sourcecode.swift; path = MVVMSampleUITests.swift; sourceTree = "<group>"; };
		FFEC46612BB189E200462690 /* MVVMSampleUITestsLaunchTests.swift */ = {isa = PBXFileReference; lastKnownFileType = sourcecode.swift; path = MVVMSampleUITestsLaunchTests.swift; sourceTree = "<group>"; };
		FFEC466E2BB18A7A00462690 /* ViewModel.swift */ = {isa = PBXFileReference; lastKnownFileType = sourcecode.swift; path = ViewModel.swift; sourceTree = "<group>"; };
		FFEC46702BB1933900462690 /* Model.swift */ = {isa = PBXFileReference; lastKnownFileType = sourcecode.swift; path = Model.swift; sourceTree = "<group>"; };
		FFEC46722BB1985C00462690 /* Utility.swift */ = {isa = PBXFileReference; lastKnownFileType = sourcecode.swift; path = Utility.swift; sourceTree = "<group>"; };
/* End PBXFileReference section */

/* Begin PBXFrameworksBuildPhase section */
		FFEC46382BB189E100462690 /* Frameworks */ = {
			isa = PBXFrameworksBuildPhase;
			buildActionMask = 2147483647;
			files = (
			);
			runOnlyForDeploymentPostprocessing = 0;
		};
		FFEC464E2BB189E200462690 /* Frameworks */ = {
			isa = PBXFrameworksBuildPhase;
			buildActionMask = 2147483647;
			files = (
			);
			runOnlyForDeploymentPostprocessing = 0;
		};
		FFEC46582BB189E200462690 /* Frameworks */ = {
			isa = PBXFrameworksBuildPhase;
			buildActionMask = 2147483647;
			files = (
			);
			runOnlyForDeploymentPostprocessing = 0;
		};
/* End PBXFrameworksBuildPhase section */

/* Begin PBXGroup section */
		FFEC46322BB189E100462690 = {
			isa = PBXGroup;
			children = (
				FFEC463D2BB189E100462690 /* MVVMSample */,
				FFEC46542BB189E200462690 /* MVVMSampleTests */,
				FFEC465E2BB189E200462690 /* MVVMSampleUITests */,
				FFEC463C2BB189E100462690 /* Products */,
			);
			sourceTree = "<group>";
		};
		FFEC463C2BB189E100462690 /* Products */ = {
			isa = PBXGroup;
			children = (
				FFEC463B2BB189E100462690 /* MVVMSample.app */,
				FFEC46512BB189E200462690 /* MVVMSampleTests.xctest */,
				FFEC465B2BB189E200462690 /* MVVMSampleUITests.xctest */,
			);
			name = Products;
			sourceTree = "<group>";
		};
		FFEC463D2BB189E100462690 /* MVVMSample */ = {
			isa = PBXGroup;
			children = (
				FFEC463E2BB189E100462690 /* AppDelegate.swift */,
				FFEC46402BB189E100462690 /* SceneDelegate.swift */,
				FFEC46422BB189E100462690 /* ViewController.swift */,
				FFEC466E2BB18A7A00462690 /* ViewModel.swift */,
				FFEC46702BB1933900462690 /* Model.swift */,
				FFEC46722BB1985C00462690 /* Utility.swift */,
				FFEC46442BB189E100462690 /* Main.storyboard */,
				FFEC46472BB189E200462690 /* Assets.xcassets */,
				FFEC46492BB189E200462690 /* LaunchScreen.storyboard */,
				FFEC464C2BB189E200462690 /* Info.plist */,
			);
			path = MVVMSample;
			sourceTree = "<group>";
		};
		FFEC46542BB189E200462690 /* MVVMSampleTests */ = {
			isa = PBXGroup;
			children = (
				FFEC46552BB189E200462690 /* MVVMSampleTests.swift */,
			);
			path = MVVMSampleTests;
			sourceTree = "<group>";
		};
		FFEC465E2BB189E200462690 /* MVVMSampleUITests */ = {
			isa = PBXGroup;
			children = (
				FFEC465F2BB189E200462690 /* MVVMSampleUITests.swift */,
				FFEC46612BB189E200462690 /* MVVMSampleUITestsLaunchTests.swift */,
			);
			path = MVVMSampleUITests;
			sourceTree = "<group>";
		};
/* End PBXGroup section */

/* Begin PBXNativeTarget section */
		FFEC463A2BB189E100462690 /* MVVMSample */ = {
			isa = PBXNativeTarget;
			buildConfigurationList = FFEC46652BB189E200462690 /* Build configuration list for PBXNativeTarget "MVVMSample" */;
			buildPhases = (
				FFEC46372BB189E100462690 /* Sources */,
				FFEC46382BB189E100462690 /* Frameworks */,
				FFEC46392BB189E100462690 /* Resources */,
			);
			buildRules = (
			);
			dependencies = (
			);
			name = MVVMSample;
			productName = MVVMSample;
			productReference = FFEC463B2BB189E100462690 /* MVVMSample.app */;
			productType = "com.apple.product-type.application";
		};
		FFEC46502BB189E200462690 /* MVVMSampleTests */ = {
			isa = PBXNativeTarget;
			buildConfigurationList = FFEC46682BB189E200462690 /* Build configuration list for PBXNativeTarget "MVVMSampleTests" */;
			buildPhases = (
				FFEC464D2BB189E200462690 /* Sources */,
				FFEC464E2BB189E200462690 /* Frameworks */,
				FFEC464F2BB189E200462690 /* Resources */,
			);
			buildRules = (
			);
			dependencies = (
				FFEC46532BB189E200462690 /* PBXTargetDependency */,
			);
			name = MVVMSampleTests;
			productName = MVVMSampleTests;
			productReference = FFEC46512BB189E200462690 /* MVVMSampleTests.xctest */;
			productType = "com.apple.product-type.bundle.unit-test";
		};
		FFEC465A2BB189E200462690 /* MVVMSampleUITests */ = {
			isa = PBXNativeTarget;
			buildConfigurationList = FFEC466B2BB189E200462690 /* Build configuration list for PBXNativeTarget "MVVMSampleUITests" */;
			buildPhases = (
				FFEC46572BB189E200462690 /* Sources */,
				FFEC46582BB189E200462690 /* Frameworks */,
				FFEC46592BB189E200462690 /* Resources */,
			);
			buildRules = (
			);
			dependencies = (
				FFEC465D2BB189E200462690 /* PBXTargetDependency */,
			);
			name = MVVMSampleUITests;
			productName = MVVMSampleUITests;
			productReference = FFEC465B2BB189E200462690 /* MVVMSampleUITests.xctest */;
			productType = "com.apple.product-type.bundle.ui-testing";
		};
/* End PBXNativeTarget section */

/* Begin PBXProject section */
		FFEC46332BB189E100462690 /* Project object */ = {
			isa = PBXProject;
			attributes = {
				BuildIndependentTargetsInParallel = 1;
				LastSwiftUpdateCheck = 1510;
				LastUpgradeCheck = 1510;
				TargetAttributes = {
					FFEC463A2BB189E100462690 = {
						CreatedOnToolsVersion = 15.1;
					};
					FFEC46502BB189E200462690 = {
						CreatedOnToolsVersion = 15.1;
						TestTargetID = FFEC463A2BB189E100462690;
					};
					FFEC465A2BB189E200462690 = {
						CreatedOnToolsVersion = 15.1;
						TestTargetID = FFEC463A2BB189E100462690;
					};
				};
			};
			buildConfigurationList = FFEC46362BB189E100462690 /* Build configuration list for PBXProject "MVVMSample" */;
			compatibilityVersion = "Xcode 14.0";
			developmentRegion = en;
			hasScannedForEncodings = 0;
			knownRegions = (
				en,
				Base,
			);
			mainGroup = FFEC46322BB189E100462690;
			productRefGroup = FFEC463C2BB189E100462690 /* Products */;
			projectDirPath = "";
			projectRoot = "";
			targets = (
				FFEC463A2BB189E100462690 /* MVVMSample */,
				FFEC46502BB189E200462690 /* MVVMSampleTests */,
				FFEC465A2BB189E200462690 /* MVVMSampleUITests */,
			);
		};
/* End PBXProject section */

/* Begin PBXResourcesBuildPhase section */
		FFEC46392BB189E100462690 /* Resources */ = {
			isa = PBXResourcesBuildPhase;
			buildActionMask = 2147483647;
			files = (
				FFEC464B2BB189E200462690 /* LaunchScreen.storyboard in Resources */,
				FFEC46482BB189E200462690 /* Assets.xcassets in Resources */,
				FFEC46462BB189E100462690 /* Main.storyboard in Resources */,
			);
			runOnlyForDeploymentPostprocessing = 0;
		};
		FFEC464F2BB189E200462690 /* Resources */ = {
			isa = PBXResourcesBuildPhase;
			buildActionMask = 2147483647;
			files = (
			);
			runOnlyForDeploymentPostprocessing = 0;
		};
		FFEC46592BB189E200462690 /* Resources */ = {
			isa = PBXResourcesBuildPhase;
			buildActionMask = 2147483647;
			files = (
			);
			runOnlyForDeploymentPostprocessing = 0;
		};
/* End PBXResourcesBuildPhase section */

/* Begin PBXSourcesBuildPhase section */
		FFEC46372BB189E100462690 /* Sources */ = {
			isa = PBXSourcesBuildPhase;
			buildActionMask = 2147483647;
			files = (
				FFEC46712BB1933900462690 /* Model.swift in Sources */,
				FFEC46432BB189E100462690 /* ViewController.swift in Sources */,
				FFEC46732BB1985C00462690 /* Utility.swift in Sources */,
				FFEC463F2BB189E100462690 /* AppDelegate.swift in Sources */,
				FFEC466F2BB18A7A00462690 /* ViewModel.swift in Sources */,
				FFEC46412BB189E100462690 /* SceneDelegate.swift in Sources */,
			);
			runOnlyForDeploymentPostprocessing = 0;
		};
		FFEC464D2BB189E200462690 /* Sources */ = {
			isa = PBXSourcesBuildPhase;
			buildActionMask = 2147483647;
			files = (
				FFEC46562BB189E200462690 /* MVVMSampleTests.swift in Sources */,
			);
			runOnlyForDeploymentPostprocessing = 0;
		};
		FFEC46572BB189E200462690 /* Sources */ = {
			isa = PBXSourcesBuildPhase;
			buildActionMask = 2147483647;
			files = (
				FFEC46622BB189E200462690 /* MVVMSampleUITestsLaunchTests.swift in Sources */,
				FFEC46602BB189E200462690 /* MVVMSampleUITests.swift in Sources */,
			);
			runOnlyForDeploymentPostprocessing = 0;
		};
/* End PBXSourcesBuildPhase section */

/* Begin PBXTargetDependency section */
		FFEC46532BB189E200462690 /* PBXTargetDependency */ = {
			isa = PBXTargetDependency;
			target = FFEC463A2BB189E100462690 /* MVVMSample */;
			targetProxy = FFEC46522BB189E200462690 /* PBXContainerItemProxy */;
		};
		FFEC465D2BB189E200462690 /* PBXTargetDependency */ = {
			isa = PBXTargetDependency;
			target = FFEC463A2BB189E100462690 /* MVVMSample */;
			targetProxy = FFEC465C2BB189E200462690 /* PBXContainerItemProxy */;
		};
/* End PBXTargetDependency section */

/* Begin PBXVariantGroup section */
		FFEC46442BB189E100462690 /* Main.storyboard */ = {
			isa = PBXVariantGroup;
			children = (
				FFEC46452BB189E100462690 /* Base */,
			);
			name = Main.storyboard;
			sourceTree = "<group>";
		};
		FFEC46492BB189E200462690 /* LaunchScreen.storyboard */ = {
			isa = PBXVariantGroup;
			children = (
				FFEC464A2BB189E200462690 /* Base */,
			);
			name = LaunchScreen.storyboard;
			sourceTree = "<group>";
		};
/* End PBXVariantGroup section */

/* Begin XCBuildConfiguration section */
		FFEC46632BB189E200462690 /* Debug */ = {
			isa = XCBuildConfiguration;
			buildSettings = {
				ALWAYS_SEARCH_USER_PATHS = NO;
				ASSETCATALOG_COMPILER_GENERATE_SWIFT_ASSET_SYMBOL_EXTENSIONS = YES;
				CLANG_ANALYZER_NONNULL = YES;
				CLANG_ANALYZER_NUMBER_OBJECT_CONVERSION = YES_AGGRESSIVE;
				CLANG_CXX_LANGUAGE_STANDARD = "gnu++20";
				CLANG_ENABLE_MODULES = YES;
				CLANG_ENABLE_OBJC_ARC = YES;
				CLANG_ENABLE_OBJC_WEAK = YES;
				CLANG_WARN_BLOCK_CAPTURE_AUTORELEASING = YES;
				CLANG_WARN_BOOL_CONVERSION = YES;
				CLANG_WARN_COMMA = YES;
				CLANG_WARN_CONSTANT_CONVERSION = YES;
				CLANG_WARN_DEPRECATED_OBJC_IMPLEMENTATIONS = YES;
				CLANG_WARN_DIRECT_OBJC_ISA_USAGE = YES_ERROR;
				CLANG_WARN_DOCUMENTATION_COMMENTS = YES;
				CLANG_WARN_EMPTY_BODY = YES;
				CLANG_WARN_ENUM_CONVERSION = YES;
				CLANG_WARN_INFINITE_RECURSION = YES;
				CLANG_WARN_INT_CONVERSION = YES;
				CLANG_WARN_NON_LITERAL_NULL_CONVERSION = YES;
				CLANG_WARN_OBJC_IMPLICIT_RETAIN_SELF = YES;
				CLANG_WARN_OBJC_LITERAL_CONVERSION = YES;
				CLANG_WARN_OBJC_ROOT_CLASS = YES_ERROR;
				CLANG_WARN_QUOTED_INCLUDE_IN_FRAMEWORK_HEADER = YES;
				CLANG_WARN_RANGE_LOOP_ANALYSIS = YES;
				CLANG_WARN_STRICT_PROTOTYPES = YES;
				CLANG_WARN_SUSPICIOUS_MOVE = YES;
				CLANG_WARN_UNGUARDED_AVAILABILITY = YES_AGGRESSIVE;
				CLANG_WARN_UNREACHABLE_CODE = YES;
				CLANG_WARN__DUPLICATE_METHOD_MATCH = YES;
				COPY_PHASE_STRIP = NO;
				DEBUG_INFORMATION_FORMAT = dwarf;
				ENABLE_STRICT_OBJC_MSGSEND = YES;
				ENABLE_TESTABILITY = YES;
				ENABLE_USER_SCRIPT_SANDBOXING = YES;
				GCC_C_LANGUAGE_STANDARD = gnu17;
				GCC_DYNAMIC_NO_PIC = NO;
				GCC_NO_COMMON_BLOCKS = YES;
				GCC_OPTIMIZATION_LEVEL = 0;
				GCC_PREPROCESSOR_DEFINITIONS = (
					"DEBUG=1",
					"$(inherited)",
				);
				GCC_WARN_64_TO_32_BIT_CONVERSION = YES;
				GCC_WARN_ABOUT_RETURN_TYPE = YES_ERROR;
				GCC_WARN_UNDECLARED_SELECTOR = YES;
				GCC_WARN_UNINITIALIZED_AUTOS = YES_AGGRESSIVE;
				GCC_WARN_UNUSED_FUNCTION = YES;
				GCC_WARN_UNUSED_VARIABLE = YES;
				IPHONEOS_DEPLOYMENT_TARGET = 17.2;
				LOCALIZATION_PREFERS_STRING_CATALOGS = YES;
				MTL_ENABLE_DEBUG_INFO = INCLUDE_SOURCE;
				MTL_FAST_MATH = YES;
				ONLY_ACTIVE_ARCH = YES;
				SDKROOT = iphoneos;
				SWIFT_ACTIVE_COMPILATION_CONDITIONS = "DEBUG $(inherited)";
				SWIFT_OPTIMIZATION_LEVEL = "-Onone";
			};
			name = Debug;
		};
		FFEC46642BB189E200462690 /* Release */ = {
			isa = XCBuildConfiguration;
			buildSettings = {
				ALWAYS_SEARCH_USER_PATHS = NO;
				ASSETCATALOG_COMPILER_GENERATE_SWIFT_ASSET_SYMBOL_EXTENSIONS = YES;
				CLANG_ANALYZER_NONNULL = YES;
				CLANG_ANALYZER_NUMBER_OBJECT_CONVERSION = YES_AGGRESSIVE;
				CLANG_CXX_LANGUAGE_STANDARD = "gnu++20";
				CLANG_ENABLE_MODULES = YES;
				CLANG_ENABLE_OBJC_ARC = YES;
				CLANG_ENABLE_OBJC_WEAK = YES;
				CLANG_WARN_BLOCK_CAPTURE_AUTORELEASING = YES;
				CLANG_WARN_BOOL_CONVERSION = YES;
				CLANG_WARN_COMMA = YES;
				CLANG_WARN_CONSTANT_CONVERSION = YES;
				CLANG_WARN_DEPRECATED_OBJC_IMPLEMENTATIONS = YES;
				CLANG_WARN_DIRECT_OBJC_ISA_USAGE = YES_ERROR;
				CLANG_WARN_DOCUMENTATION_COMMENTS = YES;
				CLANG_WARN_EMPTY_BODY = YES;
				CLANG_WARN_ENUM_CONVERSION = YES;
				CLANG_WARN_INFINITE_RECURSION = YES;
				CLANG_WARN_INT_CONVERSION = YES;
				CLANG_WARN_NON_LITERAL_NULL_CONVERSION = YES;
				CLANG_WARN_OBJC_IMPLICIT_RETAIN_SELF = YES;
				CLANG_WARN_OBJC_LITERAL_CONVERSION = YES;
				CLANG_WARN_OBJC_ROOT_CLASS = YES_ERROR;
				CLANG_WARN_QUOTED_INCLUDE_IN_FRAMEWORK_HEADER = YES;
				CLANG_WARN_RANGE_LOOP_ANALYSIS = YES;
				CLANG_WARN_STRICT_PROTOTYPES = YES;
				CLANG_WARN_SUSPICIOUS_MOVE = YES;
				CLANG_WARN_UNGUARDED_AVAILABILITY = YES_AGGRESSIVE;
				CLANG_WARN_UNREACHABLE_CODE = YES;
				CLANG_WARN__DUPLICATE_METHOD_MATCH = YES;
				COPY_PHASE_STRIP = NO;
				DEBUG_INFORMATION_FORMAT = "dwarf-with-dsym";
				ENABLE_NS_ASSERTIONS = NO;
				ENABLE_STRICT_OBJC_MSGSEND = YES;
				ENABLE_USER_SCRIPT_SANDBOXING = YES;
				GCC_C_LANGUAGE_STANDARD = gnu17;
				GCC_NO_COMMON_BLOCKS = YES;
				GCC_WARN_64_TO_32_BIT_CONVERSION = YES;
				GCC_WARN_ABOUT_RETURN_TYPE = YES_ERROR;
				GCC_WARN_UNDECLARED_SELECTOR = YES;
				GCC_WARN_UNINITIALIZED_AUTOS = YES_AGGRESSIVE;
				GCC_WARN_UNUSED_FUNCTION = YES;
				GCC_WARN_UNUSED_VARIABLE = YES;
				IPHONEOS_DEPLOYMENT_TARGET = 17.2;
				LOCALIZATION_PREFERS_STRING_CATALOGS = YES;
				MTL_ENABLE_DEBUG_INFO = NO;
				MTL_FAST_MATH = YES;
				SDKROOT = iphoneos;
				SWIFT_COMPILATION_MODE = wholemodule;
				VALIDATE_PRODUCT = YES;
			};
			name = Release;
		};
		FFEC46662BB189E200462690 /* Debug */ = {
			isa = XCBuildConfiguration;
			buildSettings = {
				ASSETCATALOG_COMPILER_APPICON_NAME = AppIcon;
				ASSETCATALOG_COMPILER_GLOBAL_ACCENT_COLOR_NAME = AccentColor;
				CODE_SIGN_STYLE = Automatic;
				CURRENT_PROJECT_VERSION = 1;
				DEVELOPMENT_TEAM = M92QFT5Y23;
				GENERATE_INFOPLIST_FILE = YES;
				INFOPLIST_FILE = MVVMSample/Info.plist;
				INFOPLIST_KEY_UIApplicationSupportsIndirectInputEvents = YES;
				INFOPLIST_KEY_UILaunchStoryboardName = LaunchScreen;
				INFOPLIST_KEY_UIMainStoryboardFile = Main;
				INFOPLIST_KEY_UISupportedInterfaceOrientations_iPad = "UIInterfaceOrientationPortrait UIInterfaceOrientationPortraitUpsideDown UIInterfaceOrientationLandscapeLeft UIInterfaceOrientationLandscapeRight";
				INFOPLIST_KEY_UISupportedInterfaceOrientations_iPhone = "UIInterfaceOrientationPortrait UIInterfaceOrientationLandscapeLeft UIInterfaceOrientationLandscapeRight";
				LD_RUNPATH_SEARCH_PATHS = (
					"$(inherited)",
					"@executable_path/Frameworks",
				);
				MARKETING_VERSION = 1.0;
				PRODUCT_BUNDLE_IDENTIFIER = com.koki.osada.MVVMSample;
				PRODUCT_NAME = "$(TARGET_NAME)";
				SWIFT_EMIT_LOC_STRINGS = YES;
				SWIFT_VERSION = 5.0;
				TARGETED_DEVICE_FAMILY = "1,2";
			};
			name = Debug;
		};
		FFEC46672BB189E200462690 /* Release */ = {
			isa = XCBuildConfiguration;
			buildSettings = {
				ASSETCATALOG_COMPILER_APPICON_NAME = AppIcon;
				ASSETCATALOG_COMPILER_GLOBAL_ACCENT_COLOR_NAME = AccentColor;
				CODE_SIGN_STYLE = Automatic;
				CURRENT_PROJECT_VERSION = 1;
				DEVELOPMENT_TEAM = M92QFT5Y23;
				GENERATE_INFOPLIST_FILE = YES;
				INFOPLIST_FILE = MVVMSample/Info.plist;
				INFOPLIST_KEY_UIApplicationSupportsIndirectInputEvents = YES;
				INFOPLIST_KEY_UILaunchStoryboardName = LaunchScreen;
				INFOPLIST_KEY_UIMainStoryboardFile = Main;
				INFOPLIST_KEY_UISupportedInterfaceOrientations_iPad = "UIInterfaceOrientationPortrait UIInterfaceOrientationPortraitUpsideDown UIInterfaceOrientationLandscapeLeft UIInterfaceOrientationLandscapeRight";
				INFOPLIST_KEY_UISupportedInterfaceOrientations_iPhone = "UIInterfaceOrientationPortrait UIInterfaceOrientationLandscapeLeft UIInterfaceOrientationLandscapeRight";
				LD_RUNPATH_SEARCH_PATHS = (
					"$(inherited)",
					"@executable_path/Frameworks",
				);
				MARKETING_VERSION = 1.0;
				PRODUCT_BUNDLE_IDENTIFIER = com.koki.osada.MVVMSample;
				PRODUCT_NAME = "$(TARGET_NAME)";
				SWIFT_EMIT_LOC_STRINGS = YES;
				SWIFT_VERSION = 5.0;
				TARGETED_DEVICE_FAMILY = "1,2";
			};
			name = Release;
		};
		FFEC46692BB189E200462690 /* Debug */ = {
			isa = XCBuildConfiguration;
			buildSettings = {
				ALWAYS_EMBED_SWIFT_STANDARD_LIBRARIES = YES;
				BUNDLE_LOADER = "$(TEST_HOST)";
				CODE_SIGN_STYLE = Automatic;
				CURRENT_PROJECT_VERSION = 1;
				DEVELOPMENT_TEAM = M92QFT5Y23;
				GENERATE_INFOPLIST_FILE = YES;
				IPHONEOS_DEPLOYMENT_TARGET = 17.2;
				MARKETING_VERSION = 1.0;
				PRODUCT_BUNDLE_IDENTIFIER = com.koki.osada.MVVMSampleTests;
				PRODUCT_NAME = "$(TARGET_NAME)";
				SWIFT_EMIT_LOC_STRINGS = NO;
				SWIFT_VERSION = 5.0;
				TARGETED_DEVICE_FAMILY = "1,2";
				TEST_HOST = "$(BUILT_PRODUCTS_DIR)/MVVMSample.app/$(BUNDLE_EXECUTABLE_FOLDER_PATH)/MVVMSample";
			};
			name = Debug;
		};
		FFEC466A2BB189E200462690 /* Release */ = {
			isa = XCBuildConfiguration;
			buildSettings = {
				ALWAYS_EMBED_SWIFT_STANDARD_LIBRARIES = YES;
				BUNDLE_LOADER = "$(TEST_HOST)";
				CODE_SIGN_STYLE = Automatic;
				CURRENT_PROJECT_VERSION = 1;
				DEVELOPMENT_TEAM = M92QFT5Y23;
				GENERATE_INFOPLIST_FILE = YES;
				IPHONEOS_DEPLOYMENT_TARGET = 17.2;
				MARKETING_VERSION = 1.0;
				PRODUCT_BUNDLE_IDENTIFIER = com.koki.osada.MVVMSampleTests;
				PRODUCT_NAME = "$(TARGET_NAME)";
				SWIFT_EMIT_LOC_STRINGS = NO;
				SWIFT_VERSION = 5.0;
				TARGETED_DEVICE_FAMILY = "1,2";
				TEST_HOST = "$(BUILT_PRODUCTS_DIR)/MVVMSample.app/$(BUNDLE_EXECUTABLE_FOLDER_PATH)/MVVMSample";
			};
			name = Release;
		};
		FFEC466C2BB189E200462690 /* Debug */ = {
			isa = XCBuildConfiguration;
			buildSettings = {
				ALWAYS_EMBED_SWIFT_STANDARD_LIBRARIES = YES;
				CODE_SIGN_STYLE = Automatic;
				CURRENT_PROJECT_VERSION = 1;
				DEVELOPMENT_TEAM = M92QFT5Y23;
				GENERATE_INFOPLIST_FILE = YES;
				MARKETING_VERSION = 1.0;
				PRODUCT_BUNDLE_IDENTIFIER = com.koki.osada.MVVMSampleUITests;
				PRODUCT_NAME = "$(TARGET_NAME)";
				SWIFT_EMIT_LOC_STRINGS = NO;
				SWIFT_VERSION = 5.0;
				TARGETED_DEVICE_FAMILY = "1,2";
				TEST_TARGET_NAME = MVVMSample;
			};
			name = Debug;
		};
		FFEC466D2BB189E200462690 /* Release */ = {
			isa = XCBuildConfiguration;
			buildSettings = {
				ALWAYS_EMBED_SWIFT_STANDARD_LIBRARIES = YES;
				CODE_SIGN_STYLE = Automatic;
				CURRENT_PROJECT_VERSION = 1;
				DEVELOPMENT_TEAM = M92QFT5Y23;
				GENERATE_INFOPLIST_FILE = YES;
				MARKETING_VERSION = 1.0;
				PRODUCT_BUNDLE_IDENTIFIER = com.koki.osada.MVVMSampleUITests;
				PRODUCT_NAME = "$(TARGET_NAME)";
				SWIFT_EMIT_LOC_STRINGS = NO;
				SWIFT_VERSION = 5.0;
				TARGETED_DEVICE_FAMILY = "1,2";
				TEST_TARGET_NAME = MVVMSample;
			};
			name = Release;
		};
/* End XCBuildConfiguration section */

/* Begin XCConfigurationList section */
		FFEC46362BB189E100462690 /* Build configuration list for PBXProject "MVVMSample" */ = {
			isa = XCConfigurationList;
			buildConfigurations = (
				FFEC46632BB189E200462690 /* Debug */,
				FFEC46642BB189E200462690 /* Release */,
			);
			defaultConfigurationIsVisible = 0;
			defaultConfigurationName = Release;
		};
		FFEC46652BB189E200462690 /* Build configuration list for PBXNativeTarget "MVVMSample" */ = {
			isa = XCConfigurationList;
			buildConfigurations = (
				FFEC46662BB189E200462690 /* Debug */,
				FFEC46672BB189E200462690 /* Release */,
			);
			defaultConfigurationIsVisible = 0;
			defaultConfigurationName = Release;
		};
		FFEC46682BB189E200462690 /* Build configuration list for PBXNativeTarget "MVVMSampleTests" */ = {
			isa = XCConfigurationList;
			buildConfigurations = (
				FFEC46692BB189E200462690 /* Debug */,
				FFEC466A2BB189E200462690 /* Release */,
			);
			defaultConfigurationIsVisible = 0;
			defaultConfigurationName = Release;
		};
		FFEC466B2BB189E200462690 /* Build configuration list for PBXNativeTarget "MVVMSampleUITests" */ = {
			isa = XCConfigurationList;
			buildConfigurations = (
				FFEC466C2BB189E200462690 /* Debug */,
				FFEC466D2BB189E200462690 /* Release */,
			);
			defaultConfigurationIsVisible = 0;
			defaultConfigurationName = Release;
		};
/* End XCConfigurationList section */
	};
	rootObject = FFEC46332BB189E100462690 /* Project object */;
}
